
Microsoft Visual Studio Solution File, Format Version 12.00
# Visual Studio Version 17
VisualStudioVersion = 17.3.32811.315
MinimumVisualStudioVersion = 10.0.40219.1
Project("{FAE04EC0-301F-11D3-BF4B-00C04F79EFBC}") = "csv_test", "csv_test\csv_test.csproj", "{D93C94C9-064E-4321-9255-0FA9DFEA232B}"
EndProject
Global
	GlobalSection(SolutionConfigurationPlatforms) = preSolution
		Debug|Any CPU = Debug|Any CPU
		Release|Any CPU = Release|Any CPU
	EndGlobalSection
	GlobalSection(ProjectConfigurationPlatforms) = postSolution
		{D93C94C9-064E-4321-9255-0FA9DFEA232B}.Debug|Any CPU.ActiveCfg = Debug|Any CPU
		{D93C94C9-064E-4321-9255-0FA9DFEA232B}.Debug|Any CPU.Build.0 = Debug|Any CPU
		{D93C94C9-064E-4321-9255-0FA9DFEA232B}.Release|Any CPU.ActiveCfg = Release|Any CPU
		{D93C94C9-064E-4321-9255-0FA9DFEA232B}.Release|Any CPU.Build.0 = Release|Any CPU
	EndGlobalSection
	GlobalSection(SolutionProperties) = preSolution
		HideSolutionNode = FALSE
	EndGlobalSection
	GlobalSection(ExtensibilityGlobals) = postSolution
		SolutionGuid = {3083E323-13A5-4328-BDAA-0863307CDB04}
	EndGlobalSection
EndGlobal
